
Microsoft Visual Studio Solution File, Format Version 12.00
Project("{2150E333-8FDC-42A3-9474-1A3956D46DE8}") = "src", "src", "{572178AE-5AA6-4711-A292-B0D9B512A209}"
EndProject
Project("{2150E333-8FDC-42A3-9474-1A3956D46DE8}") = "cores", "cores", "{B9C64B68-20CF-434D-A76B-ACBD42684BF5}"
EndProject
Project("{2150E333-8FDC-42A3-9474-1A3956D46DE8}") = "projects", "projects", "{309BAEBA-DECC-448A-B67D-437714FC3A5F}"
EndProject
Project("{FAE04EC0-301F-11D3-BF4B-00C04F79EFBC}") = "Core.Application", "src\cores\Core.Application\Core.Application.csproj", "{C707AA91-0B59-4BF8-8138-4B8C45C28F00}"
EndProject
Project("{FAE04EC0-301F-11D3-BF4B-00C04F79EFBC}") = "Core.CrossCuttingConcerns", "src\cores\Core.CrossCuttingConcerns\Core.CrossCuttingConcerns.csproj", "{520A4536-DFEF-46A8-818F-46319FE2B24F}"
EndProject
Project("{FAE04EC0-301F-11D3-BF4B-00C04F79EFBC}") = "Core.Persistence", "src\cores\Core.Persistence\Core.Persistence.csproj", "{7539DF0C-7A8C-4082-AECE-A14AA9AB2296}"
EndProject
Project("{FAE04EC0-301F-11D3-BF4B-00C04F79EFBC}") = "HAMS.Application", "src\projects\HAMS.Application\HAMS.Application.csproj", "{97344C7C-02DF-4789-89C1-22E02DC5E0E7}"
EndProject
Project("{FAE04EC0-301F-11D3-BF4B-00C04F79EFBC}") = "HAMS.Domain", "src\projects\HAMS.Domain\HAMS.Domain.csproj", "{E64FDB7F-877F-41C3-BEA7-4F0E8E1701A2}"
EndProject
Project("{FAE04EC0-301F-11D3-BF4B-00C04F79EFBC}") = "HAMS.Persistence", "src\projects\HAMS.Persistence\HAMS.Persistence.csproj", "{07C1A85D-55DB-4D6D-BDAF-B397E4710D86}"
EndProject
Project("{FAE04EC0-301F-11D3-BF4B-00C04F79EFBC}") = "HAMS.Presentation", "src\projects\HAMS.Presentation\HAMS.Presentation.csproj", "{AC8981D8-B26E-4BA3-A6AE-42843F7A031A}"
EndProject
Global
	GlobalSection(SolutionConfigurationPlatforms) = preSolution
		Debug|Any CPU = Debug|Any CPU
		Release|Any CPU = Release|Any CPU
	EndGlobalSection
	GlobalSection(NestedProjects) = preSolution
		{B9C64B68-20CF-434D-A76B-ACBD42684BF5} = {572178AE-5AA6-4711-A292-B0D9B512A209}
		{309BAEBA-DECC-448A-B67D-437714FC3A5F} = {572178AE-5AA6-4711-A292-B0D9B512A209}
		{C707AA91-0B59-4BF8-8138-4B8C45C28F00} = {B9C64B68-20CF-434D-A76B-ACBD42684BF5}
		{520A4536-DFEF-46A8-818F-46319FE2B24F} = {B9C64B68-20CF-434D-A76B-ACBD42684BF5}
		{7539DF0C-7A8C-4082-AECE-A14AA9AB2296} = {B9C64B68-20CF-434D-A76B-ACBD42684BF5}
		{97344C7C-02DF-4789-89C1-22E02DC5E0E7} = {309BAEBA-DECC-448A-B67D-437714FC3A5F}
		{E64FDB7F-877F-41C3-BEA7-4F0E8E1701A2} = {309BAEBA-DECC-448A-B67D-437714FC3A5F}
		{07C1A85D-55DB-4D6D-BDAF-B397E4710D86} = {309BAEBA-DECC-448A-B67D-437714FC3A5F}
		{AC8981D8-B26E-4BA3-A6AE-42843F7A031A} = {309BAEBA-DECC-448A-B67D-437714FC3A5F}
	EndGlobalSection
	GlobalSection(ProjectConfigurationPlatforms) = postSolution
		{C707AA91-0B59-4BF8-8138-4B8C45C28F00}.Debug|Any CPU.ActiveCfg = Debug|Any CPU
		{C707AA91-0B59-4BF8-8138-4B8C45C28F00}.Debug|Any CPU.Build.0 = Debug|Any CPU
		{C707AA91-0B59-4BF8-8138-4B8C45C28F00}.Release|Any CPU.ActiveCfg = Release|Any CPU
		{C707AA91-0B59-4BF8-8138-4B8C45C28F00}.Release|Any CPU.Build.0 = Release|Any CPU
		{520A4536-DFEF-46A8-818F-46319FE2B24F}.Debug|Any CPU.ActiveCfg = Debug|Any CPU
		{520A4536-DFEF-46A8-818F-46319FE2B24F}.Debug|Any CPU.Build.0 = Debug|Any CPU
		{520A4536-DFEF-46A8-818F-46319FE2B24F}.Release|Any CPU.ActiveCfg = Release|Any CPU
		{520A4536-DFEF-46A8-818F-46319FE2B24F}.Release|Any CPU.Build.0 = Release|Any CPU
		{7539DF0C-7A8C-4082-AECE-A14AA9AB2296}.Debug|Any CPU.ActiveCfg = Debug|Any CPU
		{7539DF0C-7A8C-4082-AECE-A14AA9AB2296}.Debug|Any CPU.Build.0 = Debug|Any CPU
		{7539DF0C-7A8C-4082-AECE-A14AA9AB2296}.Release|Any CPU.ActiveCfg = Release|Any CPU
		{7539DF0C-7A8C-4082-AECE-A14AA9AB2296}.Release|Any CPU.Build.0 = Release|Any CPU
		{97344C7C-02DF-4789-89C1-22E02DC5E0E7}.Debug|Any CPU.ActiveCfg = Debug|Any CPU
		{97344C7C-02DF-4789-89C1-22E02DC5E0E7}.Debug|Any CPU.Build.0 = Debug|Any CPU
		{97344C7C-02DF-4789-89C1-22E02DC5E0E7}.Release|Any CPU.ActiveCfg = Release|Any CPU
		{97344C7C-02DF-4789-89C1-22E02DC5E0E7}.Release|Any CPU.Build.0 = Release|Any CPU
		{E64FDB7F-877F-41C3-BEA7-4F0E8E1701A2}.Debug|Any CPU.ActiveCfg = Debug|Any CPU
		{E64FDB7F-877F-41C3-BEA7-4F0E8E1701A2}.Debug|Any CPU.Build.0 = Debug|Any CPU
		{E64FDB7F-877F-41C3-BEA7-4F0E8E1701A2}.Release|Any CPU.ActiveCfg = Release|Any CPU
		{E64FDB7F-877F-41C3-BEA7-4F0E8E1701A2}.Release|Any CPU.Build.0 = Release|Any CPU
		{07C1A85D-55DB-4D6D-BDAF-B397E4710D86}.Debug|Any CPU.ActiveCfg = Debug|Any CPU
		{07C1A85D-55DB-4D6D-BDAF-B397E4710D86}.Debug|Any CPU.Build.0 = Debug|Any CPU
		{07C1A85D-55DB-4D6D-BDAF-B397E4710D86}.Release|Any CPU.ActiveCfg = Release|Any CPU
		{07C1A85D-55DB-4D6D-BDAF-B397E4710D86}.Release|Any CPU.Build.0 = Release|Any CPU
		{AC8981D8-B26E-4BA3-A6AE-42843F7A031A}.Debug|Any CPU.ActiveCfg = Debug|Any CPU
		{AC8981D8-B26E-4BA3-A6AE-42843F7A031A}.Debug|Any CPU.Build.0 = Debug|Any CPU
		{AC8981D8-B26E-4BA3-A6AE-42843F7A031A}.Release|Any CPU.ActiveCfg = Release|Any CPU
		{AC8981D8-B26E-4BA3-A6AE-42843F7A031A}.Release|Any CPU.Build.0 = Release|Any CPU
	EndGlobalSection
EndGlobal
